Microsoft Visual Studio Solution File, Format Version 12.00
# Visual Studio Version 17
VisualStudioVersion = 17.5.2.0
MinimumVisualStudioVersion = 10.0.40219.1
Project("{2150E333-8FDC-42A3-9474-1A3956D46DE8}") = "server", "server", "{DAD03CFC-D5FA-AC94-41C7-9ABAB326F09E}"
EndProject
Project("{FAE04EC0-301F-11D3-BF4B-00C04F79EFBC}") = "WineApp.Api", "server\WineApp.Api.csproj", "{BF307C8F-E8E1-B138-859B-91B6CEC7717F}"
EndProject
Global
	GlobalSection(SolutionConfigurationPlatforms) = preSolution
		Debug|Any CPU = Debug|Any CPU
		Release|Any CPU = Release|Any CPU
	EndGlobalSection
	GlobalSection(ProjectConfigurationPlatforms) = postSolution
		{BF307C8F-E8E1-B138-859B-91B6CEC7717F}.Debug|Any CPU.ActiveCfg = Debug|Any CPU
		{BF307C8F-E8E1-B138-859B-91B6CEC7717F}.Debug|Any CPU.Build.0 = Debug|Any CPU
		{BF307C8F-E8E1-B138-859B-91B6CEC7717F}.Release|Any CPU.ActiveCfg = Release|Any CPU
		{BF307C8F-E8E1-B138-859B-91B6CEC7717F}.Release|Any CPU.Build.0 = Release|Any CPU
	EndGlobalSection
	GlobalSection(SolutionProperties) = preSolution
		HideSolutionNode = FALSE
	EndGlobalSection
	GlobalSection(NestedProjects) = preSolution
		{BF307C8F-E8E1-B138-859B-91B6CEC7717F} = {DAD03CFC-D5FA-AC94-41C7-9ABAB326F09E}
	EndGlobalSection
	GlobalSection(ExtensibilityGlobals) = postSolution
		SolutionGuid = {03087EA4-BBD5-4E37-940A-C700434AAF0A}
	EndGlobalSection
EndGlobal
